
Microsoft Visual Studio Solution File, Format Version 12.00
# Visual Studio Version 16
VisualStudioVersion = 16.0.29519.87
MinimumVisualStudioVersion = 10.0.40219.1
Project("{FAE04EC0-301F-11D3-BF4B-00C04F79EFBC}") = "Group04_FinalProject", "Group04_FinalProject\Group04_FinalProject.csproj", "{B0F0A162-F67E-4387-A288-CFAB2559ADF9}"
EndProject
Global
	GlobalSection(SolutionConfigurationPlatforms) = preSolution
		Debug|Any CPU = Debug|Any CPU
		Release|Any CPU = Release|Any CPU
	EndGlobalSection
	GlobalSection(ProjectConfigurationPlatforms) = postSolution
		{B0F0A162-F67E-4387-A288-CFAB2559ADF9}.Debug|Any CPU.ActiveCfg = Debug|Any CPU
		{B0F0A162-F67E-4387-A288-CFAB2559ADF9}.Debug|Any CPU.Build.0 = Debug|Any CPU
		{B0F0A162-F67E-4387-A288-CFAB2559ADF9}.Release|Any CPU.ActiveCfg = Release|Any CPU
		{B0F0A162-F67E-4387-A288-CFAB2559ADF9}.Release|Any CPU.Build.0 = Release|Any CPU
	EndGlobalSection
	GlobalSection(SolutionProperties) = preSolution
		HideSolutionNode = FALSE
	EndGlobalSection
	GlobalSection(ExtensibilityGlobals) = postSolution
		SolutionGuid = {6788FCCF-7A79-48A6-A251-E2DEE4FA10A3}
	EndGlobalSection
EndGlobal
